
Microsoft Visual Studio Solution File, Format Version 12.00
# Visual Studio Version 17
VisualStudioVersion = 17.0.31903.59
MinimumVisualStudioVersion = 10.0.40219.1
Project("{FAE04EC0-301F-11D3-BF4B-00C04F79EFBC}") = "employee.service", "employee.service\employee.service.csproj", "{381FCA93-20F8-45CC-BAD5-4312F66CD841}"
EndProject
Project("{FAE04EC0-301F-11D3-BF4B-00C04F79EFBC}") = "employee.service.tests", "employee.service.tests\employee.service.tests.csproj", "{6587BB80-0290-41F9-9408-9B389561D13A}"
EndProject
Global
	GlobalSection(SolutionConfigurationPlatforms) = preSolution
		Debug|Any CPU = Debug|Any CPU
		Release|Any CPU = Release|Any CPU
	EndGlobalSection
	GlobalSection(SolutionProperties) = preSolution
		HideSolutionNode = FALSE
	EndGlobalSection
	GlobalSection(ProjectConfigurationPlatforms) = postSolution
		{381FCA93-20F8-45CC-BAD5-4312F66CD841}.Debug|Any CPU.ActiveCfg = Debug|Any CPU
		{381FCA93-20F8-45CC-BAD5-4312F66CD841}.Debug|Any CPU.Build.0 = Debug|Any CPU
		{381FCA93-20F8-45CC-BAD5-4312F66CD841}.Release|Any CPU.ActiveCfg = Release|Any CPU
		{381FCA93-20F8-45CC-BAD5-4312F66CD841}.Release|Any CPU.Build.0 = Release|Any CPU
		{6587BB80-0290-41F9-9408-9B389561D13A}.Debug|Any CPU.ActiveCfg = Debug|Any CPU
		{6587BB80-0290-41F9-9408-9B389561D13A}.Debug|Any CPU.Build.0 = Debug|Any CPU
		{6587BB80-0290-41F9-9408-9B389561D13A}.Release|Any CPU.ActiveCfg = Release|Any CPU
		{6587BB80-0290-41F9-9408-9B389561D13A}.Release|Any CPU.Build.0 = Release|Any CPU
	EndGlobalSection
EndGlobal
