
Microsoft Visual Studio Solution File, Format Version 12.00
# Visual Studio Version 17
VisualStudioVersion = 17.5.002.0
MinimumVisualStudioVersion = 10.0.40219.1
Project("{FAE04EC0-301F-11D3-BF4B-00C04F79EFBC}") = "xUnitExample", "xUnitExample\xUnitExample.csproj", "{84B2E65A-9EC1-41A2-B6B3-B56C09CF553D}"
EndProject
Project("{FAE04EC0-301F-11D3-BF4B-00C04F79EFBC}") = "xUnitExample.Tests", "xUnitExample.Tests\xUnitExample.Tests.csproj", "{F926001B-E627-4F88-A771-5DD838279144}"
EndProject
Global
	GlobalSection(SolutionProperties) = preSolution
		HideSolutionNode = FALSE
	EndGlobalSection
	GlobalSection(ExtensibilityGlobals) = postSolution
		SolutionGuid = {436D9525-88C6-403F-B9D5-86581A772D63}
	EndGlobalSection
	GlobalSection(SolutionConfigurationPlatforms) = preSolution
		Debug|Any CPU = Debug|Any CPU
		Debug|x64 = Debug|x64
		Debug|x86 = Debug|x86
		Release|Any CPU = Release|Any CPU
		Release|x64 = Release|x64
		Release|x86 = Release|x86
	EndGlobalSection
	GlobalSection(ProjectConfigurationPlatforms) = postSolution
		{84B2E65A-9EC1-41A2-B6B3-B56C09CF553D}.Debug|Any CPU.ActiveCfg = Debug|Any CPU
		{84B2E65A-9EC1-41A2-B6B3-B56C09CF553D}.Debug|Any CPU.Build.0 = Debug|Any CPU
		{84B2E65A-9EC1-41A2-B6B3-B56C09CF553D}.Debug|x64.ActiveCfg = Debug|Any CPU
		{84B2E65A-9EC1-41A2-B6B3-B56C09CF553D}.Debug|x64.Build.0 = Debug|Any CPU
		{84B2E65A-9EC1-41A2-B6B3-B56C09CF553D}.Debug|x86.ActiveCfg = Debug|Any CPU
		{84B2E65A-9EC1-41A2-B6B3-B56C09CF553D}.Debug|x86.Build.0 = Debug|Any CPU
		{84B2E65A-9EC1-41A2-B6B3-B56C09CF553D}.Release|Any CPU.ActiveCfg = Release|Any CPU
		{84B2E65A-9EC1-41A2-B6B3-B56C09CF553D}.Release|Any CPU.Build.0 = Release|Any CPU
		{84B2E65A-9EC1-41A2-B6B3-B56C09CF553D}.Release|x64.ActiveCfg = Release|Any CPU
		{84B2E65A-9EC1-41A2-B6B3-B56C09CF553D}.Release|x64.Build.0 = Release|Any CPU
		{84B2E65A-9EC1-41A2-B6B3-B56C09CF553D}.Release|x86.ActiveCfg = Release|Any CPU
		{84B2E65A-9EC1-41A2-B6B3-B56C09CF553D}.Release|x86.Build.0 = Release|Any CPU
		{F926001B-E627-4F88-A771-5DD838279144}.Debug|Any CPU.ActiveCfg = Debug|Any CPU
		{F926001B-E627-4F88-A771-5DD838279144}.Debug|Any CPU.Build.0 = Debug|Any CPU
		{F926001B-E627-4F88-A771-5DD838279144}.Debug|x64.ActiveCfg = Debug|Any CPU
		{F926001B-E627-4F88-A771-5DD838279144}.Debug|x64.Build.0 = Debug|Any CPU
		{F926001B-E627-4F88-A771-5DD838279144}.Debug|x86.ActiveCfg = Debug|Any CPU
		{F926001B-E627-4F88-A771-5DD838279144}.Debug|x86.Build.0 = Debug|Any CPU
		{F926001B-E627-4F88-A771-5DD838279144}.Release|Any CPU.ActiveCfg = Release|Any CPU
		{F926001B-E627-4F88-A771-5DD838279144}.Release|Any CPU.Build.0 = Release|Any CPU
		{F926001B-E627-4F88-A771-5DD838279144}.Release|x64.ActiveCfg = Release|Any CPU
		{F926001B-E627-4F88-A771-5DD838279144}.Release|x64.Build.0 = Release|Any CPU
		{F926001B-E627-4F88-A771-5DD838279144}.Release|x86.ActiveCfg = Release|Any CPU
		{F926001B-E627-4F88-A771-5DD838279144}.Release|x86.Build.0 = Release|Any CPU
	EndGlobalSection
EndGlobal
