
Microsoft Visual Studio Solution File, Format Version 12.00
# Visual Studio Version 17
VisualStudioVersion = 17.5.002.0
MinimumVisualStudioVersion = 10.0.40219.1
Project("{9A19103F-16F7-4668-BE54-9A1E7A4F7556}") = "logmanager", "logmanager.csproj", "{1DE76EA7-9CB1-4C66-A528-1DD05B5BC0A1}"
EndProject
Global
	GlobalSection(SolutionConfigurationPlatforms) = preSolution
		Debug|Any CPU = Debug|Any CPU
		Release|Any CPU = Release|Any CPU
	EndGlobalSection
	GlobalSection(ProjectConfigurationPlatforms) = postSolution
		{1DE76EA7-9CB1-4C66-A528-1DD05B5BC0A1}.Debug|Any CPU.ActiveCfg = Debug|Any CPU
		{1DE76EA7-9CB1-4C66-A528-1DD05B5BC0A1}.Debug|Any CPU.Build.0 = Debug|Any CPU
		{1DE76EA7-9CB1-4C66-A528-1DD05B5BC0A1}.Release|Any CPU.ActiveCfg = Release|Any CPU
		{1DE76EA7-9CB1-4C66-A528-1DD05B5BC0A1}.Release|Any CPU.Build.0 = Release|Any CPU
	EndGlobalSection
	GlobalSection(SolutionProperties) = preSolution
		HideSolutionNode = FALSE
	EndGlobalSection
	GlobalSection(ExtensibilityGlobals) = postSolution
		SolutionGuid = {1EDE4FF2-F1F5-4102-AEB1-7039E44E65BB}
	EndGlobalSection
EndGlobal
